<Solution>
  <Folder Name="/bench/">
    <Project Path="bench/Wave.Bench/Wave.Bench.csproj" />
  </Folder>
  <Folder Name="/samples/">
    <Project Path="samples/HelloNami/HelloNami.csproj" />
    <Project Path="samples/TideProbe/TideProbe.csproj" />
    <Project Path="samples/TideProbeIl2Cpp/TideProbeIl2Cpp.csproj" />
  </Folder>
  <Folder Name="/src/">
    <Project Path="src/Nami.Cli/Nami.Cli.csproj" />
    <Project Path="src/Nami.Core/Nami.Core.csproj" />
    <Project Path="src/Nami.Interop/Nami.Interop.csproj" />
    <Project Path="src/Nami.Runtime/Nami.Runtime.csproj" />
    <Project Path="src/Nami.Sdk/Nami.Sdk.csproj" />
    <Project Path="src/Nami.Tide/Nami.Tide.csproj" />
    <Project Path="src/Nami.Wave/Nami.Wave.csproj" />
  </Folder>
  <Folder Name="/tests/">
    <Project Path="tests/Nami.Tests/Nami.Tests.csproj" />
    <Project Path="tests/Nami.Wave.Tests/Nami.Wave.Tests.csproj" />
    <Project Path="tests/Nami.Cli.Tests/Nami.Cli.Tests.csproj" />
    <Project Path="tests/Nami.Tide.Tests/Nami.Tide.Tests.csproj" />
  </Folder>
  <Folder Name="/tests/fixtures/">
    <Project Path="tests/fixtures/Alpha/Alpha.csproj" />
    <Project Path="tests/fixtures/Bad/Bad.csproj" />
    <Project Path="tests/fixtures/Beta/Beta.csproj" />
    <Project Path="tests/fixtures/Gamma/Gamma.csproj" />
  </Folder>
  <Folder Name="/tools/">
    <Project Path="tools/launch-shim/launch-shim.csproj" />
  </Folder>
</Solution>
